
Microsoft Visual Studio Solution File, Format Version 12.00
# Visual Studio Version 16
VisualStudioVersion = 16.0.31112.23
MinimumVisualStudioVersion = 10.0.40219.1
Project("{8BC9CEB8-8B4A-11D0-8D11-00A0C91BC942}") = "Hello", "Hello\Hello.vcxproj", "{537A0247-78A2-4091-9B2C-169A0ED2A5AE}"
EndProject
Global
	GlobalSection(SolutionConfigurationPlatforms) = preSolution
		Debug|x64 = Debug|x64
		Debug|x86 = Debug|x86
		Release|x64 = Release|x64
		Release|x86 = Release|x86
	EndGlobalSection
	GlobalSection(ProjectConfigurationPlatforms) = postSolution
		{537A0247-78A2-4091-9B2C-169A0ED2A5AE}.Debug|x64.ActiveCfg = Debug|x64
		{537A0247-78A2-4091-9B2C-169A0ED2A5AE}.Debug|x64.Build.0 = Debug|x64
		{537A0247-78A2-4091-9B2C-169A0ED2A5AE}.Debug|x86.ActiveCfg = Debug|Win32
		{537A0247-78A2-4091-9B2C-169A0ED2A5AE}.Debug|x86.Build.0 = Debug|Win32
		{537A0247-78A2-4091-9B2C-169A0ED2A5AE}.Release|x64.ActiveCfg = Release|x64
		{537A0247-78A2-4091-9B2C-169A0ED2A5AE}.Release|x64.Build.0 = Release|x64
		{537A0247-78A2-4091-9B2C-169A0ED2A5AE}.Release|x86.ActiveCfg = Release|Win32
		{537A0247-78A2-4091-9B2C-169A0ED2A5AE}.Release|x86.Build.0 = Release|Win32
	EndGlobalSection
	GlobalSection(SolutionProperties) = preSolution
		HideSolutionNode = FALSE
	EndGlobalSection
	GlobalSection(ExtensibilityGlobals) = postSolution
		SolutionGuid = {95D6CF84-59AB-43C1-903E-617E7EDF9439}
	EndGlobalSection
EndGlobal
