
Microsoft Visual Studio Solution File, Format Version 12.00
# Visual Studio Version 16
VisualStudioVersion = 16.0.31112.23
MinimumVisualStudioVersion = 10.0.40219.1
Project("{8BC9CEB8-8B4A-11D0-8D11-00A0C91BC942}") = "3Dshooter", "3Dshooter\3Dshooter.vcxproj", "{1C11A8ED-D2D6-42CD-B175-4B2A150D1246}"
EndProject
Global
	GlobalSection(SolutionConfigurationPlatforms) = preSolution
		Debug|x64 = Debug|x64
		Debug|x86 = Debug|x86
		Release|x64 = Release|x64
		Release|x86 = Release|x86
	EndGlobalSection
	GlobalSection(ProjectConfigurationPlatforms) = postSolution
		{1C11A8ED-D2D6-42CD-B175-4B2A150D1246}.Debug|x64.ActiveCfg = Debug|x64
		{1C11A8ED-D2D6-42CD-B175-4B2A150D1246}.Debug|x64.Build.0 = Debug|x64
		{1C11A8ED-D2D6-42CD-B175-4B2A150D1246}.Debug|x86.ActiveCfg = Debug|Win32
		{1C11A8ED-D2D6-42CD-B175-4B2A150D1246}.Debug|x86.Build.0 = Debug|Win32
		{1C11A8ED-D2D6-42CD-B175-4B2A150D1246}.Release|x64.ActiveCfg = Release|x64
		{1C11A8ED-D2D6-42CD-B175-4B2A150D1246}.Release|x64.Build.0 = Release|x64
		{1C11A8ED-D2D6-42CD-B175-4B2A150D1246}.Release|x86.ActiveCfg = Release|Win32
		{1C11A8ED-D2D6-42CD-B175-4B2A150D1246}.Release|x86.Build.0 = Release|Win32
	EndGlobalSection
	GlobalSection(SolutionProperties) = preSolution
		HideSolutionNode = FALSE
	EndGlobalSection
	GlobalSection(ExtensibilityGlobals) = postSolution
		SolutionGuid = {FB738A5B-D310-4429-BAC2-409FA611A95C}
	EndGlobalSection
EndGlobal
